# THIS IS AN AUTOGENERATED FILE. DO NOT EDIT THIS FILE DIRECTLY.
# yarn lockfile v1


rails-ujs@^5.2.4-4:
  version "5.2.4-4"
  resolved "https://registry.yarnpkg.com/rails-ujs/-/rails-ujs-5.2.4-4.tgz#41bf12a3d1d49ad5124d69b87908e1fc2d7a6927"
  integrity sha512-I/So4YNUwrvbKyKfGOSQMCF0CxeAcGh9Rnse/Bx9SAsoYSaiKIHSjvzp55rfw05QhOj60wLfnjdycSOCmN7Hlg==
